// !$*UTF8*$!
{
	archiveVersion = 1;
	classes = {
	};
	objectVersion = 50;
	objects = {

/* Begin PBXBuildFile section */
		BE9D969225A5078B000C1E9C /* AppDelegate.swift in Sources */ = {isa = PBXBuildFile; fileRef = BE9D969125A5078B000C1E9C /* AppDelegate.swift */; };
		BE9D969425A5078B000C1E9C /* SceneDelegate.swift in Sources */ = {isa = PBXBuildFile; fileRef = BE9D969325A5078B000C1E9C /* SceneDelegate.swift */; };
		BE9D969625A5078B000C1E9C /* ViewController.swift in Sources */ = {isa = PBXBuildFile; fileRef = BE9D969525A5078B000C1E9C /* ViewController.swift */; };
		BE9D969925A5078B000C1E9C /* Main.storyboard in Resources */ = {isa = PBXBuildFile; fileRef = BE9D969725A5078B000C1E9C /* Main.storyboard */; };
		BE9D969B25A5078E000C1E9C /* Assets.xcassets in Resources */ = {isa = PBXBuildFile; fileRef = BE9D969A25A5078E000C1E9C /* Assets.xcassets */; };
		BE9D969E25A5078E000C1E9C /* LaunchScreen.storyboard in Resources */ = {isa = PBXBuildFile; fileRef = BE9D969C25A5078E000C1E9C /* LaunchScreen.storyboard */; };
		BE9D96A725A50E71000C1E9C /* Petition.swift in Sources */ = {isa = PBXBuildFile; fileRef = BE9D96A625A50E71000C1E9C /* Petition.swift */; };
		BE9D96AA25A50F55000C1E9C /* Petitions.swift in Sources */ = {isa = PBXBuildFile; fileRef = BE9D96A925A50F55000C1E9C /* Petitions.swift */; };
		BEB33B6525A652D800FD2853 /* DetailViewController.swift in Sources */ = {isa = PBXBuildFile; fileRef = BEB33B6425A652D800FD2853 /* DetailViewController.swift */; };
/* End PBXBuildFile section */

/* Begin PBXFileReference section */
		BE9D968E25A5078B000C1E9C /* HWS2021 Project 7 - Whitehouse Petitions.app */ = {isa = PBXFileReference; explicitFileType = wrapper.application; includeInIndex = 0; path = "HWS2021 Project 7 - Whitehouse Petitions.app"; sourceTree = BUILT_PRODUCTS_DIR; };
		BE9D969125A5078B000C1E9C /* AppDelegate.swift */ = {isa = PBXFileReference; lastKnownFileType = sourcecode.swift; path = AppDelegate.swift; sourceTree = "<group>"; };
		BE9D969325A5078B000C1E9C /* SceneDelegate.swift */ = {isa = PBXFileReference; lastKnownFileType = sourcecode.swift; path = SceneDelegate.swift; sourceTree = "<group>"; };
		BE9D969525A5078B000C1E9C /* ViewController.swift */ = {isa = PBXFileReference; lastKnownFileType = sourcecode.swift; path = ViewController.swift; sourceTree = "<group>"; };
		BE9D969825A5078B000C1E9C /* Base */ = {isa = PBXFileReference; lastKnownFileType = file.storyboard; name = Base; path = Base.lproj/Main.storyboard; sourceTree = "<group>"; };
		BE9D969A25A5078E000C1E9C /* Assets.xcassets */ = {isa = PBXFileReference; lastKnownFileType = folder.assetcatalog; path = Assets.xcassets; sourceTree = "<group>"; };
		BE9D969D25A5078E000C1E9C /* Base */ = {isa = PBXFileReference; lastKnownFileType = file.storyboard; name = Base; path = Base.lproj/LaunchScreen.storyboard; sourceTree = "<group>"; };
		BE9D969F25A5078E000C1E9C /* Info.plist */ = {isa = PBXFileReference; lastKnownFileType = text.plist.xml; path = Info.plist; sourceTree = "<group>"; };
		BE9D96A625A50E71000C1E9C /* Petition.swift */ = {isa = PBXFileReference; lastKnownFileType = sourcecode.swift; path = Petition.swift; sourceTree = "<group>"; };
		BE9D96A925A50F55000C1E9C /* Petitions.swift */ = {isa = PBXFileReference; lastKnownFileType = sourcecode.swift; path = Petitions.swift; sourceTree = "<group>"; };
		BEB33B6425A652D800FD2853 /* DetailViewController.swift */ = {isa = PBXFileReference; lastKnownFileType = sourcecode.swift; path = DetailViewController.swift; sourceTree = "<group>"; };
/* End PBXFileReference section */

/* Begin PBXFrameworksBuildPhase section */
		BE9D968B25A5078A000C1E9C /* Frameworks */ = {
			isa = PBXFrameworksBuildPhase;
			buildActionMask = 2147483647;
			files = (
			);
			runOnlyForDeploymentPostprocessing = 0;
		};
/* End PBXFrameworksBuildPhase section */

/* Begin PBXGroup section */
		BE9D968525A5078A000C1E9C = {
			isa = PBXGroup;
			children = (
				BE9D969025A5078B000C1E9C /* HWS2021 Project 7 - Whitehouse Petitions */,
				BE9D968F25A5078B000C1E9C /* Products */,
			);
			sourceTree = "<group>";
		};
		BE9D968F25A5078B000C1E9C /* Products */ = {
			isa = PBXGroup;
			children = (
				BE9D968E25A5078B000C1E9C /* HWS2021 Project 7 - Whitehouse Petitions.app */,
			);
			name = Products;
			sourceTree = "<group>";
		};
		BE9D969025A5078B000C1E9C /* HWS2021 Project 7 - Whitehouse Petitions */ = {
			isa = PBXGroup;
			children = (
				BE9D969125A5078B000C1E9C /* AppDelegate.swift */,
				BE9D969325A5078B000C1E9C /* SceneDelegate.swift */,
				BE9D969525A5078B000C1E9C /* ViewController.swift */,
				BEB33B6425A652D800FD2853 /* DetailViewController.swift */,
				BE9D96A625A50E71000C1E9C /* Petition.swift */,
				BE9D96A925A50F55000C1E9C /* Petitions.swift */,
				BE9D969725A5078B000C1E9C /* Main.storyboard */,
				BE9D969A25A5078E000C1E9C /* Assets.xcassets */,
				BE9D969C25A5078E000C1E9C /* LaunchScreen.storyboard */,
				BE9D969F25A5078E000C1E9C /* Info.plist */,
			);
			path = "HWS2021 Project 7 - Whitehouse Petitions";
			sourceTree = "<group>";
		};
/* End PBXGroup section */

/* Begin PBXNativeTarget section */
		BE9D968D25A5078A000C1E9C /* HWS2021 Project 7 - Whitehouse Petitions */ = {
			isa = PBXNativeTarget;
			buildConfigurationList = BE9D96A225A5078E000C1E9C /* Build configuration list for PBXNativeTarget "HWS2021 Project 7 - Whitehouse Petitions" */;
			buildPhases = (
				BE9D968A25A5078A000C1E9C /* Sources */,
				BE9D968B25A5078A000C1E9C /* Frameworks */,
				BE9D968C25A5078A000C1E9C /* Resources */,
			);
			buildRules = (
			);
			dependencies = (
			);
			name = "HWS2021 Project 7 - Whitehouse Petitions";
			productName = "HWS2021 Project 7 - Whitehouse Petitions";
			productReference = BE9D968E25A5078B000C1E9C /* HWS2021 Project 7 - Whitehouse Petitions.app */;
			productType = "com.apple.product-type.application";
		};
/* End PBXNativeTarget section */

/* Begin PBXProject section */
		BE9D968625A5078A000C1E9C /* Project object */ = {
			isa = PBXProject;
			attributes = {
				LastSwiftUpdateCheck = 1230;
				LastUpgradeCheck = 1230;
				TargetAttributes = {
					BE9D968D25A5078A000C1E9C = {
						CreatedOnToolsVersion = 12.3;
					};
				};
			};
			buildConfigurationList = BE9D968925A5078A000C1E9C /* Build configuration list for PBXProject "HWS2021 Project 7 - Whitehouse Petitions" */;
			compatibilityVersion = "Xcode 9.3";
			developmentRegion = en;
			hasScannedForEncodings = 0;
			knownRegions = (
				en,
				Base,
			);
			mainGroup = BE9D968525A5078A000C1E9C;
			productRefGroup = BE9D968F25A5078B000C1E9C /* Products */;
			projectDirPath = "";
			projectRoot = "";
			targets = (
				BE9D968D25A5078A000C1E9C /* HWS2021 Project 7 - Whitehouse Petitions */,
			);
		};
/* End PBXProject section */

/* Begin PBXResourcesBuildPhase section */
		BE9D968C25A5078A000C1E9C /* Resources */ = {
			isa = PBXResourcesBuildPhase;
			buildActionMask = 2147483647;
			files = (
				BE9D969E25A5078E000C1E9C /* LaunchScreen.storyboard in Resources */,
				BE9D969B25A5078E000C1E9C /* Assets.xcassets in Resources */,
				BE9D969925A5078B000C1E9C /* Main.storyboard in Resources */,
			);
			runOnlyForDeploymentPostprocessing = 0;
		};
/* End PBXResourcesBuildPhase section */

/* Begin PBXSourcesBuildPhase section */
		BE9D968A25A5078A000C1E9C /* Sources */ = {
			isa = PBXSourcesBuildPhase;
			buildActionMask = 2147483647;
			files = (
				BE9D969625A5078B000C1E9C /* ViewController.swift in Sources */,
				BE9D96A725A50E71000C1E9C /* Petition.swift in Sources */,
				BE9D969225A5078B000C1E9C /* AppDelegate.swift in Sources */,
				BEB33B6525A652D800FD2853 /* DetailViewController.swift in Sources */,
				BE9D969425A5078B000C1E9C /* SceneDelegate.swift in Sources */,
				BE9D96AA25A50F55000C1E9C /* Petitions.swift in Sources */,
			);
			runOnlyForDeploymentPostprocessing = 0;
		};
/* End PBXSourcesBuildPhase section */

/* Begin PBXVariantGroup section */
		BE9D969725A5078B000C1E9C /* Main.storyboard */ = {
			isa = PBXVariantGroup;
			children = (
				BE9D969825A5078B000C1E9C /* Base */,
			);
			name = Main.storyboard;
			sourceTree = "<group>";
		};
		BE9D969C25A5078E000C1E9C /* LaunchScreen.storyboard */ = {
			isa = PBXVariantGroup;
			children = (
				BE9D969D25A5078E000C1E9C /* Base */,
			);
			name = LaunchScreen.storyboard;
			sourceTree = "<group>";
		};
/* End PBXVariantGroup section */

/* Begin XCBuildConfiguration section */
		BE9D96A025A5078E000C1E9C /* Debug */ = {
			isa = XCBuildConfiguration;
			buildSettings = {
				ALWAYS_SEARCH_USER_PATHS = NO;
				CLANG_ANALYZER_NONNULL = YES;
				CLANG_ANALYZER_NUMBER_OBJECT_CONVERSION = YES_AGGRESSIVE;
				CLANG_CXX_LANGUAGE_STANDARD = "gnu++14";
				CLANG_CXX_LIBRARY = "libc++";
				CLANG_ENABLE_MODULES = YES;
				CLANG_ENABLE_OBJC_ARC = YES;
				CLANG_ENABLE_OBJC_WEAK = YES;
				CLANG_WARN_BLOCK_CAPTURE_AUTORELEASING = YES;
				CLANG_WARN_BOOL_CONVERSION = YES;
				CLANG_WARN_COMMA = YES;
				CLANG_WARN_CONSTANT_CONVERSION = YES;
				CLANG_WARN_DEPRECATED_OBJC_IMPLEMENTATIONS = YES;
				CLANG_WARN_DIRECT_OBJC_ISA_USAGE = YES_ERROR;
				CLANG_WARN_DOCUMENTATION_COMMENTS = YES;
				CLANG_WARN_EMPTY_BODY = YES;
				CLANG_WARN_ENUM_CONVERSION = YES;
				CLANG_WARN_INFINITE_RECURSION = YES;
				CLANG_WARN_INT_CONVERSION = YES;
				CLANG_WARN_NON_LITERAL_NULL_CONVERSION = YES;
				CLANG_WARN_OBJC_IMPLICIT_RETAIN_SELF = YES;
				CLANG_WARN_OBJC_LITERAL_CONVERSION = YES;
				CLANG_WARN_OBJC_ROOT_CLASS = YES_ERROR;
				CLANG_WARN_QUOTED_INCLUDE_IN_FRAMEWORK_HEADER = YES;
				CLANG_WARN_RANGE_LOOP_ANALYSIS = YES;
				CLANG_WARN_STRICT_PROTOTYPES = YES;
				CLANG_WARN_SUSPICIOUS_MOVE = YES;
				CLANG_WARN_UNGUARDED_AVAILABILITY = YES_AGGRESSIVE;
				CLANG_WARN_UNREACHABLE_CODE = YES;
				CLANG_WARN__DUPLICATE_METHOD_MATCH = YES;
				COPY_PHASE_STRIP = NO;
				DEBUG_INFORMATION_FORMAT = dwarf;
				ENABLE_STRICT_OBJC_MSGSEND = YES;
				ENABLE_TESTABILITY = YES;
				GCC_C_LANGUAGE_STANDARD = gnu11;
				GCC_DYNAMIC_NO_PIC = NO;
				GCC_NO_COMMON_BLOCKS = YES;
				GCC_OPTIMIZATION_LEVEL = 0;
				GCC_PREPROCESSOR_DEFINITIONS = (
					"DEBUG=1",
					"$(inherited)",
				);
				GCC_WARN_64_TO_32_BIT_CONVERSION = YES;
				GCC_WARN_ABOUT_RETURN_TYPE = YES_ERROR;
				GCC_WARN_UNDECLARED_SELECTOR = YES;
				GCC_WARN_UNINITIALIZED_AUTOS = YES_AGGRESSIVE;
				GCC_WARN_UNUSED_FUNCTION = YES;
				GCC_WARN_UNUSED_VARIABLE = YES;
				IPHONEOS_DEPLOYMENT_TARGET = 14.3;
				MTL_ENABLE_DEBUG_INFO = INCLUDE_SOURCE;
				MTL_FAST_MATH = YES;
				ONLY_ACTIVE_ARCH = YES;
				SDKROOT = iphoneos;
				SWIFT_ACTIVE_COMPILATION_CONDITIONS = DEBUG;
				SWIFT_OPTIMIZATION_LEVEL = "-Onone";
			};
			name = Debug;
		};
		BE9D96A125A5078E000C1E9C /* Release */ = {
			isa = XCBuildConfiguration;
			buildSettings = {
				ALWAYS_SEARCH_USER_PATHS = NO;
				CLANG_ANALYZER_NONNULL = YES;
				CLANG_ANALYZER_NUMBER_OBJECT_CONVERSION = YES_AGGRESSIVE;
				CLANG_CXX_LANGUAGE_STANDARD = "gnu++14";
				CLANG_CXX_LIBRARY = "libc++";
				CLANG_ENABLE_MODULES = YES;
				CLANG_ENABLE_OBJC_ARC = YES;
				CLANG_ENABLE_OBJC_WEAK = YES;
				CLANG_WARN_BLOCK_CAPTURE_AUTORELEASING = YES;
				CLANG_WARN_BOOL_CONVERSION = YES;
				CLANG_WARN_COMMA = YES;
				CLANG_WARN_CONSTANT_CONVERSION = YES;
				CLANG_WARN_DEPRECATED_OBJC_IMPLEMENTATIONS = YES;
				CLANG_WARN_DIRECT_OBJC_ISA_USAGE = YES_ERROR;
				CLANG_WARN_DOCUMENTATION_COMMENTS = YES;
				CLANG_WARN_EMPTY_BODY = YES;
				CLANG_WARN_ENUM_CONVERSION = YES;
				CLANG_WARN_INFINITE_RECURSION = YES;
				CLANG_WARN_INT_CONVERSION = YES;
				CLANG_WARN_NON_LITERAL_NULL_CONVERSION = YES;
				CLANG_WARN_OBJC_IMPLICIT_RETAIN_SELF = YES;
				CLANG_WARN_OBJC_LITERAL_CONVERSION = YES;
				CLANG_WARN_OBJC_ROOT_CLASS = YES_ERROR;
				CLANG_WARN_QUOTED_INCLUDE_IN_FRAMEWORK_HEADER = YES;
				CLANG_WARN_RANGE_LOOP_ANALYSIS = YES;
				CLANG_WARN_STRICT_PROTOTYPES = YES;
				CLANG_WARN_SUSPICIOUS_MOVE = YES;
				CLANG_WARN_UNGUARDED_AVAILABILITY = YES_AGGRESSIVE;
				CLANG_WARN_UNREACHABLE_CODE = YES;
				CLANG_WARN__DUPLICATE_METHOD_MATCH = YES;
				COPY_PHASE_STRIP = NO;
				DEBUG_INFORMATION_FORMAT = "dwarf-with-dsym";
				ENABLE_NS_ASSERTIONS = NO;
				ENABLE_STRICT_OBJC_MSGSEND = YES;
				GCC_C_LANGUAGE_STANDARD = gnu11;
				GCC_NO_COMMON_BLOCKS = YES;
				GCC_WARN_64_TO_32_BIT_CONVERSION = YES;
				GCC_WARN_ABOUT_RETURN_TYPE = YES_ERROR;
				GCC_WARN_UNDECLARED_SELECTOR = YES;
				GCC_WARN_UNINITIALIZED_AUTOS = YES_AGGRESSIVE;
				GCC_WARN_UNUSED_FUNCTION = YES;
				GCC_WARN_UNUSED_VARIABLE = YES;
				IPHONEOS_DEPLOYMENT_TARGET = 14.3;
				MTL_ENABLE_DEBUG_INFO = NO;
				MTL_FAST_MATH = YES;
				SDKROOT = iphoneos;
				SWIFT_COMPILATION_MODE = wholemodule;
				SWIFT_OPTIMIZATION_LEVEL = "-O";
				VALIDATE_PRODUCT = YES;
			};
			name = Release;
		};
		BE9D96A325A5078E000C1E9C /* Debug */ = {
			isa = XCBuildConfiguration;
			buildSettings = {
				ASSETCATALOG_COMPILER_APPICON_NAME = AppIcon;
				ASSETCATALOG_COMPILER_GLOBAL_ACCENT_COLOR_NAME = AccentColor;
				CODE_SIGN_STYLE = Automatic;
				INFOPLIST_FILE = "HWS2021 Project 7 - Whitehouse Petitions/Info.plist";
				LD_RUNPATH_SEARCH_PATHS = (
					"$(inherited)",
					"@executable_path/Frameworks",
				);
				PRODUCT_BUNDLE_IDENTIFIER = "bochkarov.HWS2021-Project-7---Whitehouse-Petitions";
				PRODUCT_NAME = "$(TARGET_NAME)";
				SWIFT_VERSION = 5.0;
				TARGETED_DEVICE_FAMILY = "1,2";
			};
			name = Debug;
		};
		BE9D96A425A5078E000C1E9C /* Release */ = {
			isa = XCBuildConfiguration;
			buildSettings = {
				ASSETCATALOG_COMPILER_APPICON_NAME = AppIcon;
				ASSETCATALOG_COMPILER_GLOBAL_ACCENT_COLOR_NAME = AccentColor;
				CODE_SIGN_STYLE = Automatic;
				INFOPLIST_FILE = "HWS2021 Project 7 - Whitehouse Petitions/Info.plist";
				LD_RUNPATH_SEARCH_PATHS = (
					"$(inherited)",
					"@executable_path/Frameworks",
				);
				PRODUCT_BUNDLE_IDENTIFIER = "bochkarov.HWS2021-Project-7---Whitehouse-Petitions";
				PRODUCT_NAME = "$(TARGET_NAME)";
				SWIFT_VERSION = 5.0;
				TARGETED_DEVICE_FAMILY = "1,2";
			};
			name = Release;
		};
/* End XCBuildConfiguration section */

/* Begin XCConfigurationList section */
		BE9D968925A5078A000C1E9C /* Build configuration list for PBXProject "HWS2021 Project 7 - Whitehouse Petitions" */ = {
			isa = XCConfigurationList;
			buildConfigurations = (
				BE9D96A025A5078E000C1E9C /* Debug */,
				BE9D96A125A5078E000C1E9C /* Release */,
			);
			defaultConfigurationIsVisible = 0;
			defaultConfigurationName = Release;
		};
		BE9D96A225A5078E000C1E9C /* Build configuration list for PBXNativeTarget "HWS2021 Project 7 - Whitehouse Petitions" */ = {
			isa = XCConfigurationList;
			buildConfigurations = (
				BE9D96A325A5078E000C1E9C /* Debug */,
				BE9D96A425A5078E000C1E9C /* Release */,
			);
			defaultConfigurationIsVisible = 0;
			defaultConfigurationName = Release;
		};
/* End XCConfigurationList section */
	};
	rootObject = BE9D968625A5078A000C1E9C /* Project object */;
}
